
Microsoft Visual Studio Solution File, Format Version 12.00
# Visual Studio Version 16
VisualStudioVersion = 16.0.29926.136
MinimumVisualStudioVersion = 10.0.40219.1
Project("{FAE04EC0-301F-11D3-BF4B-00C04F79EFBC}") = "LyreChat", "LyreChat\LyreChat.csproj", "{A0561926-1DBF-418E-9A9F-CA9B2948AF62}"
EndProject
Global
	GlobalSection(SolutionConfigurationPlatforms) = preSolution
		Debug|Any CPU = Debug|Any CPU
		Release|Any CPU = Release|Any CPU
	EndGlobalSection
	GlobalSection(ProjectConfigurationPlatforms) = postSolution
		{A0561926-1DBF-418E-9A9F-CA9B2948AF62}.Debug|Any CPU.ActiveCfg = Debug|Any CPU
		{A0561926-1DBF-418E-9A9F-CA9B2948AF62}.Debug|Any CPU.Build.0 = Debug|Any CPU
		{A0561926-1DBF-418E-9A9F-CA9B2948AF62}.Release|Any CPU.ActiveCfg = Release|Any CPU
		{A0561926-1DBF-418E-9A9F-CA9B2948AF62}.Release|Any CPU.Build.0 = Release|Any CPU
	EndGlobalSection
	GlobalSection(SolutionProperties) = preSolution
		HideSolutionNode = FALSE
	EndGlobalSection
	GlobalSection(ExtensibilityGlobals) = postSolution
		SolutionGuid = {CCD65B93-1F11-465E-A886-FF011F2B3AB4}
	EndGlobalSection
EndGlobal
